# This file is autogenerated, do not edit; changes may be undone by the next 'dep ensure'.


[[projects]]
  digest = "1:6098222470fe0172157ce9bbef5d2200df4edde17ee649c5d6e48330e4afa4c6"
  name = "github.com/dgrijalva/jwt-go"
  packages = ["."]
  pruneopts = ""
  revision = "06ea1031745cb8b3dab3f6a236daf2b0aa468b7e"
  version = "v3.2.0"

[[projects]]
  digest = "1:e692d16fdfbddb94e9e4886aaf6c08bdbae5cb4ac80651445de9181b371c6e46"
  name = "github.com/go-sql-driver/mysql"
  packages = ["."]
  pruneopts = ""
  revision = "72cd26f257d44c1114970e19afddcd812016007e"
  version = "v1.4.1"

[[projects]]
  digest = "1:9e6061d60fb018cec58795a2e645c6012312f8e7db1efaf7db25df5cbf3f7a2e"
  name = "github.com/jinzhu/gorm"
  packages = ["."]
  pruneopts = ""
  revision = "81c17a7e2529c59efc4e74c5b32c1fb71fb12fa2"
  version = "v1.9.11"

[[projects]]
  digest = "1:a7b97371fb9af808b6a4fcc6693276ef7869bb1f282c3c87038c6c7e74ef4ae6"
  name = "github.com/jinzhu/inflection"
  packages = ["."]
  pruneopts = ""
  revision = "f5c5f50e6090ae76a29240b61ae2a90dd810112e"
  version = "v1.0.0"

[[projects]]
  digest = "1:4beb546223497fdc767dd15f2f48e271598817cecda2beaf2ad7bf43282d5bf7"
  name = "github.com/labstack/echo"
  packages = [
    ".",
    "middleware",
  ]
  pruneopts = ""
  revision = "38772c686c76b501f94bd6cd5b77f5842e93b559"
  version = "v3.3.10"

[[projects]]
  digest = "1:a9554efb4c5688083ede9e3df301f2aac7575d48d0fe4d7df5734c9534d73600"
  name = "github.com/labstack/gommon"
  packages = [
    "bytes",
    "color",
    "log",
    "random",
  ]
  pruneopts = ""
  revision = "4919956f6fb227b548f004da27c7c6b20fba499f"
  version = "v0.3.0"

[[projects]]
  digest = "1:f4216047c24ab66fb757045febd7dac4edc6f4ad9f6c0063d0755d654d04f25e"
  name = "github.com/lib/pq"
  packages = [
    ".",
    "oid",
    "scram",
  ]
  pruneopts = ""
  revision = "3427c32cb71afc948325f299f040e53c1dd78979"
  version = "v1.2.0"

[[projects]]
  digest = "1:9b58ad18b38cf0d44b1d006fce319e45f200eafa406fe7f65fe0d0194b9f7a9f"
  name = "github.com/mattn/go-colorable"
  packages = ["."]
  pruneopts = ""
  revision = "98ec13f34aabf44cc914c65a1cfb7b9bc815aef1"
  version = "v0.1.4"

[[projects]]
  digest = "1:5794dadc5456af270fc564d98efbfa1f3627cd6c733ca772d14409793772064f"
  name = "github.com/mattn/go-isatty"
  packages = ["."]
  pruneopts = ""
  revision = "88ba11cfdc67c7588b30042edf244b2875f892b6"
  version = "v0.0.10"

[[projects]]
  branch = "master"
  digest = "1:71b5fa5808c21e1ab4409949052729cbd1112726f488f12300b406d6a8f7b74d"
  name = "github.com/salvo1404/go-echo-api"
  packages = [
    "db",
    "handlers",
    "models",
  ]
  pruneopts = ""
  revision = "608996d814dfb462e33bbe3e4288e71cbbafe0b9"

[[projects]]
  digest = "1:857a9ecd5cb13379ecc8f798f6e6b6b574c98b9355657d91e068275f1120aaf7"
  name = "github.com/valyala/bytebufferpool"
  packages = ["."]
  pruneopts = ""
  revision = "e746df99fe4a3986f4d4f79e13c1e0117ce9c2f7"
  version = "v1.0.0"

[[projects]]
  digest = "1:c8b536f08002f0916e288eb66b7d961e3a854542f50532255a7c737edd22987a"
  name = "github.com/valyala/fasttemplate"
  packages = ["."]
  pruneopts = ""
  revision = "8fcc7a99b5795b7c3e95172237cf93282fc339a9"
  version = "v1.1.0"

[[projects]]
  branch = "master"
  digest = "1:c57e5a436bda4c346e7bacb57fb0cf95613bb9b74df09202c1c0b4d6c07b7972"
  name = "golang.org/x/crypto"
  packages = [
    "acme",
    "acme/autocert",
  ]
  pruneopts = ""
  revision = "ac88ee75c92c889b97e05591e9a39b6480c538b3"

[[projects]]
  branch = "master"
  digest = "1:1de58c5f172054bd703e3abfc245557214c2c4a798d338eeeaadbe15a34db483"
  name = "golang.org/x/net"
  packages = ["idna"]
  pruneopts = ""
  revision = "fc4aabc6c91483155dade6fbb627cc953a723260"

[[projects]]
  branch = "master"
  digest = "1:11845cae7402f689cdea0c89f6979f1e9ec2e15e413a4ebf6ce3d5eaee33aa87"
  name = "golang.org/x/sys"
  packages = ["unix"]
  pruneopts = ""
  revision = "bd437916bb0eb726b873ee8e9b2dcf212d32e2fd"

[[projects]]
  digest = "1:740b51a55815493a8d0f2b1e0d0ae48fe48953bf7eaf3fcc4198823bf67768c0"
  name = "golang.org/x/text"
  packages = [
    "collate",
    "collate/build",
    "internal/colltab",
    "internal/gen",
    "internal/language",
    "internal/language/compact",
    "internal/tag",
    "internal/triegen",
    "internal/ucd",
    "language",
    "secure/bidirule",
    "transform",
    "unicode/bidi",
    "unicode/cldr",
    "unicode/norm",
    "unicode/rangetable",
  ]
  pruneopts = ""
  revision = "342b2e1fbaa52c93f31447ad2c6abc048c63e475"
  version = "v0.3.2"

[[projects]]
  digest = "1:c4404231035fad619a12f82ae3f0f8f9edc1cc7f34e7edad7a28ccac5336cc96"
  name = "google.golang.org/appengine"
  packages = ["cloudsql"]
  pruneopts = ""
  revision = "971852bfffca25b069c31162ae8f247a3dba083b"
  version = "v1.6.5"

[solve-meta]
  analyzer-name = "dep"
  analyzer-version = 1
  input-imports = [
    "github.com/go-sql-driver/mysql",
    "github.com/jinzhu/gorm",
    "github.com/labstack/echo",
    "github.com/labstack/echo/middleware",
    "github.com/lib/pq",
    "github.com/salvo1404/go-echo-api/db",
    "github.com/salvo1404/go-echo-api/handlers",
    "github.com/salvo1404/go-echo-api/models",
  ]
  solver-name = "gps-cdcl"
  solver-version = 1
